
Microsoft Visual Studio Solution File, Format Version 12.00
# Visual Studio Version 17
VisualStudioVersion = 17.7.34024.191
MinimumVisualStudioVersion = 10.0.40219.1
Project("{FAE04EC0-301F-11D3-BF4B-00C04F79EFBC}") = "InterestCalc", "InterestCalc.csproj", "{1CF91BAD-90DD-458B-A99A-A44285A927CE}"
EndProject
Global
	GlobalSection(SolutionConfigurationPlatforms) = preSolution
		Debug|Any CPU = Debug|Any CPU
		Release|Any CPU = Release|Any CPU
	EndGlobalSection
	GlobalSection(ProjectConfigurationPlatforms) = postSolution
		{1CF91BAD-90DD-458B-A99A-A44285A927CE}.Debug|Any CPU.ActiveCfg = Debug|Any CPU
		{1CF91BAD-90DD-458B-A99A-A44285A927CE}.Debug|Any CPU.Build.0 = Debug|Any CPU
		{1CF91BAD-90DD-458B-A99A-A44285A927CE}.Release|Any CPU.ActiveCfg = Release|Any CPU
		{1CF91BAD-90DD-458B-A99A-A44285A927CE}.Release|Any CPU.Build.0 = Release|Any CPU
	EndGlobalSection
	GlobalSection(SolutionProperties) = preSolution
		HideSolutionNode = FALSE
	EndGlobalSection
	GlobalSection(ExtensibilityGlobals) = postSolution
		SolutionGuid = {363B54B4-0946-4CD4-B435-CA77BF5B468F}
	EndGlobalSection
EndGlobal
