
Microsoft Visual Studio Solution File, Format Version 12.00
# Visual Studio Version 17
VisualStudioVersion = 17.5.002.0
MinimumVisualStudioVersion = 10.0.40219.1
Project("{9A19103F-16F7-4668-BE54-9A1E7A4F7556}") = "ConvertStringToIntMethod", "ConvertStringToIntMethod.csproj", "{722A7D3F-8A7E-4645-8C36-E57D4E98417A}"
EndProject
Global
	GlobalSection(SolutionConfigurationPlatforms) = preSolution
		Debug|Any CPU = Debug|Any CPU
		Release|Any CPU = Release|Any CPU
	EndGlobalSection
	GlobalSection(ProjectConfigurationPlatforms) = postSolution
		{722A7D3F-8A7E-4645-8C36-E57D4E98417A}.Debug|Any CPU.ActiveCfg = Debug|Any CPU
		{722A7D3F-8A7E-4645-8C36-E57D4E98417A}.Debug|Any CPU.Build.0 = Debug|Any CPU
		{722A7D3F-8A7E-4645-8C36-E57D4E98417A}.Release|Any CPU.ActiveCfg = Release|Any CPU
		{722A7D3F-8A7E-4645-8C36-E57D4E98417A}.Release|Any CPU.Build.0 = Release|Any CPU
	EndGlobalSection
	GlobalSection(SolutionProperties) = preSolution
		HideSolutionNode = FALSE
	EndGlobalSection
	GlobalSection(ExtensibilityGlobals) = postSolution
		SolutionGuid = {2ACBBBBC-2859-47C4-B9E3-D1ABE00D300B}
	EndGlobalSection
EndGlobal
