
Microsoft Visual Studio Solution File, Format Version 12.00
# Visual Studio Version 17
VisualStudioVersion = 17.5.002.0
MinimumVisualStudioVersion = 10.0.40219.1
Project("{9A19103F-16F7-4668-BE54-9A1E7A4F7556}") = "Ki", "Ki.csproj", "{BDC35A01-F2CA-43E8-AD8B-6A40505243A0}"
EndProject
Global
	GlobalSection(SolutionConfigurationPlatforms) = preSolution
		Debug|Any CPU = Debug|Any CPU
		Release|Any CPU = Release|Any CPU
	EndGlobalSection
	GlobalSection(ProjectConfigurationPlatforms) = postSolution
		{BDC35A01-F2CA-43E8-AD8B-6A40505243A0}.Debug|Any CPU.ActiveCfg = Debug|Any CPU
		{BDC35A01-F2CA-43E8-AD8B-6A40505243A0}.Debug|Any CPU.Build.0 = Debug|Any CPU
		{BDC35A01-F2CA-43E8-AD8B-6A40505243A0}.Release|Any CPU.ActiveCfg = Release|Any CPU
		{BDC35A01-F2CA-43E8-AD8B-6A40505243A0}.Release|Any CPU.Build.0 = Release|Any CPU
	EndGlobalSection
	GlobalSection(SolutionProperties) = preSolution
		HideSolutionNode = FALSE
	EndGlobalSection
	GlobalSection(ExtensibilityGlobals) = postSolution
		SolutionGuid = {1CC0BCDB-B871-4E9F-9620-D66ABCE34571}
	EndGlobalSection
EndGlobal
