
Microsoft Visual Studio Solution File, Format Version 12.00
# Visual Studio Version 17
VisualStudioVersion = 17.5.002.0
MinimumVisualStudioVersion = 10.0.40219.1
Project("{9A19103F-16F7-4668-BE54-9A1E7A4F7556}") = "TicTacToe", "TicTacToe.csproj", "{159223D1-C7DA-44BB-ADDC-EA129DF4D446}"
EndProject
Global
	GlobalSection(SolutionConfigurationPlatforms) = preSolution
		Debug|Any CPU = Debug|Any CPU
		Release|Any CPU = Release|Any CPU
	EndGlobalSection
	GlobalSection(ProjectConfigurationPlatforms) = postSolution
		{159223D1-C7DA-44BB-ADDC-EA129DF4D446}.Debug|Any CPU.ActiveCfg = Debug|Any CPU
		{159223D1-C7DA-44BB-ADDC-EA129DF4D446}.Debug|Any CPU.Build.0 = Debug|Any CPU
		{159223D1-C7DA-44BB-ADDC-EA129DF4D446}.Release|Any CPU.ActiveCfg = Release|Any CPU
		{159223D1-C7DA-44BB-ADDC-EA129DF4D446}.Release|Any CPU.Build.0 = Release|Any CPU
	EndGlobalSection
	GlobalSection(SolutionProperties) = preSolution
		HideSolutionNode = FALSE
	EndGlobalSection
	GlobalSection(ExtensibilityGlobals) = postSolution
		SolutionGuid = {0A6D6946-5E22-45ED-BB12-F4D800476816}
	EndGlobalSection
EndGlobal
