
Microsoft Visual Studio Solution File, Format Version 12.00
# Visual Studio Version 17
VisualStudioVersion = 17.13.35828.75 d17.13
MinimumVisualStudioVersion = 10.0.40219.1
Project("{FAE04EC0-301F-11D3-BF4B-00C04F79EFBC}") = "CSVReader", "CSVReader\CSVReader.csproj", "{078200B5-44A1-4DBC-8E3C-7E537A827F81}"
EndProject
Global
	GlobalSection(SolutionConfigurationPlatforms) = preSolution
		Debug|Any CPU = Debug|Any CPU
		Release|Any CPU = Release|Any CPU
	EndGlobalSection
	GlobalSection(ProjectConfigurationPlatforms) = postSolution
		{078200B5-44A1-4DBC-8E3C-7E537A827F81}.Debug|Any CPU.ActiveCfg = Debug|Any CPU
		{078200B5-44A1-4DBC-8E3C-7E537A827F81}.Debug|Any CPU.Build.0 = Debug|Any CPU
		{078200B5-44A1-4DBC-8E3C-7E537A827F81}.Release|Any CPU.ActiveCfg = Release|Any CPU
		{078200B5-44A1-4DBC-8E3C-7E537A827F81}.Release|Any CPU.Build.0 = Release|Any CPU
	EndGlobalSection
	GlobalSection(SolutionProperties) = preSolution
		HideSolutionNode = FALSE
	EndGlobalSection
	GlobalSection(ExtensibilityGlobals) = postSolution
		SolutionGuid = {4324B028-C99C-4D81-A1D5-4050B1EAFEC3}
	EndGlobalSection
EndGlobal
