
Microsoft Visual Studio Solution File, Format Version 12.00
# Visual Studio Version 17
VisualStudioVersion = 17.5.002.0
MinimumVisualStudioVersion = 10.0.40219.1
Project("{9A19103F-16F7-4668-BE54-9A1E7A4F7556}") = "CalculatorTryCatch", "CalculatorTryCatch.csproj", "{A1540D7B-369D-473B-BED0-CACEF5578DDF}"
EndProject
Global
	GlobalSection(SolutionConfigurationPlatforms) = preSolution
		Debug|Any CPU = Debug|Any CPU
		Release|Any CPU = Release|Any CPU
	EndGlobalSection
	GlobalSection(ProjectConfigurationPlatforms) = postSolution
		{A1540D7B-369D-473B-BED0-CACEF5578DDF}.Debug|Any CPU.ActiveCfg = Debug|Any CPU
		{A1540D7B-369D-473B-BED0-CACEF5578DDF}.Debug|Any CPU.Build.0 = Debug|Any CPU
		{A1540D7B-369D-473B-BED0-CACEF5578DDF}.Release|Any CPU.ActiveCfg = Release|Any CPU
		{A1540D7B-369D-473B-BED0-CACEF5578DDF}.Release|Any CPU.Build.0 = Release|Any CPU
	EndGlobalSection
	GlobalSection(SolutionProperties) = preSolution
		HideSolutionNode = FALSE
	EndGlobalSection
	GlobalSection(ExtensibilityGlobals) = postSolution
		SolutionGuid = {9787783F-20D7-4199-B5D6-3DE89923840C}
	EndGlobalSection
EndGlobal
