
Microsoft Visual Studio Solution File, Format Version 12.00
# Visual Studio Version 17
VisualStudioVersion = 17.5.002.0
MinimumVisualStudioVersion = 10.0.40219.1
Project("{9A19103F-16F7-4668-BE54-9A1E7A4F7556}") = "IpChecker", "IpChecker.csproj", "{BB573856-73DD-472D-96DD-57943A2CB9FE}"
EndProject
Global
	GlobalSection(SolutionConfigurationPlatforms) = preSolution
		Debug|Any CPU = Debug|Any CPU
		Release|Any CPU = Release|Any CPU
	EndGlobalSection
	GlobalSection(ProjectConfigurationPlatforms) = postSolution
		{BB573856-73DD-472D-96DD-57943A2CB9FE}.Debug|Any CPU.ActiveCfg = Debug|Any CPU
		{BB573856-73DD-472D-96DD-57943A2CB9FE}.Debug|Any CPU.Build.0 = Debug|Any CPU
		{BB573856-73DD-472D-96DD-57943A2CB9FE}.Release|Any CPU.ActiveCfg = Release|Any CPU
		{BB573856-73DD-472D-96DD-57943A2CB9FE}.Release|Any CPU.Build.0 = Release|Any CPU
	EndGlobalSection
	GlobalSection(SolutionProperties) = preSolution
		HideSolutionNode = FALSE
	EndGlobalSection
	GlobalSection(ExtensibilityGlobals) = postSolution
		SolutionGuid = {A9588180-705B-4BC3-B05C-0B07E040A9F0}
	EndGlobalSection
EndGlobal
