
Microsoft Visual Studio Solution File, Format Version 12.00
# Visual Studio Version 17
VisualStudioVersion = 17.0.31903.59
MinimumVisualStudioVersion = 10.0.40219.1
Project("{FAE04EC0-301F-11D3-BF4B-00C04F79EFBC}") = "Calculator", "Calculator\Calculator.csproj", "{D334E6D3-690B-489A-8008-F43E16C9B9A2}"
EndProject
Project("{FAE04EC0-301F-11D3-BF4B-00C04F79EFBC}") = "GradeConvert", "GradeConvert\GradeConvert.csproj", "{765A4F1B-C1B2-4497-9B56-644A5D7016D4}"
EndProject
Project("{FAE04EC0-301F-11D3-BF4B-00C04F79EFBC}") = "FileTypeAnalyzer", "FileTypeAnalyzer\FileTypeAnalyzer.csproj", "{C2193B8C-4691-4D02-AC00-8E02D3698386}"
EndProject
Global
	GlobalSection(SolutionConfigurationPlatforms) = preSolution
		Debug|Any CPU = Debug|Any CPU
		Release|Any CPU = Release|Any CPU
	EndGlobalSection
	GlobalSection(SolutionProperties) = preSolution
		HideSolutionNode = FALSE
	EndGlobalSection
	GlobalSection(ProjectConfigurationPlatforms) = postSolution
		{D334E6D3-690B-489A-8008-F43E16C9B9A2}.Debug|Any CPU.ActiveCfg = Debug|Any CPU
		{D334E6D3-690B-489A-8008-F43E16C9B9A2}.Debug|Any CPU.Build.0 = Debug|Any CPU
		{D334E6D3-690B-489A-8008-F43E16C9B9A2}.Release|Any CPU.ActiveCfg = Release|Any CPU
		{D334E6D3-690B-489A-8008-F43E16C9B9A2}.Release|Any CPU.Build.0 = Release|Any CPU
		{765A4F1B-C1B2-4497-9B56-644A5D7016D4}.Debug|Any CPU.ActiveCfg = Debug|Any CPU
		{765A4F1B-C1B2-4497-9B56-644A5D7016D4}.Debug|Any CPU.Build.0 = Debug|Any CPU
		{765A4F1B-C1B2-4497-9B56-644A5D7016D4}.Release|Any CPU.ActiveCfg = Release|Any CPU
		{765A4F1B-C1B2-4497-9B56-644A5D7016D4}.Release|Any CPU.Build.0 = Release|Any CPU
		{C2193B8C-4691-4D02-AC00-8E02D3698386}.Debug|Any CPU.ActiveCfg = Debug|Any CPU
		{C2193B8C-4691-4D02-AC00-8E02D3698386}.Debug|Any CPU.Build.0 = Debug|Any CPU
		{C2193B8C-4691-4D02-AC00-8E02D3698386}.Release|Any CPU.ActiveCfg = Release|Any CPU
		{C2193B8C-4691-4D02-AC00-8E02D3698386}.Release|Any CPU.Build.0 = Release|Any CPU
	EndGlobalSection
EndGlobal
