Microsoft Visual Studio Solution File, Format Version 12.00
# Visual Studio Version 17
VisualStudioVersion = 17.0.31903.59
MinimumVisualStudioVersion = 10.0.40219.1
Project("{FAE04EC0-301F-11D3-BF4B-00C04F79EFBC}") = "DiceRoller", "DiceRoller.csproj", "{6EDB9129-B9B1-4B44-BFAD-FF617B02CF65}"
EndProject
Global
	GlobalSection(SolutionConfigurationPlatforms) = preSolution
		Debug|Any CPU = Debug|Any CPU
		Release|Any CPU = Release|Any CPU
	EndGlobalSection
	GlobalSection(ProjectConfigurationPlatforms) = postSolution
		{6EDB9129-B9B1-4B44-BFAD-FF617B02CF65}.Debug|Any CPU.ActiveCfg = Debug|Any CPU
		{6EDB9129-B9B1-4B44-BFAD-FF617B02CF65}.Debug|Any CPU.Build.0 = Debug|Any CPU
		{6EDB9129-B9B1-4B44-BFAD-FF617B02CF65}.Release|Any CPU.ActiveCfg = Release|Any CPU
		{6EDB9129-B9B1-4B44-BFAD-FF617B02CF65}.Release|Any CPU.Build.0 = Release|Any CPU
	EndGlobalSection
EndGlobal
