
Microsoft Visual Studio Solution File, Format Version 12.00
# Visual Studio Version 17
VisualStudioVersion = 17.5.002.0
MinimumVisualStudioVersion = 10.0.40219.1
Project("{9A19103F-16F7-4668-BE54-9A1E7A4F7556}") = "NetworkProgrammingAsync", "NetworkProgrammingAsync.csproj", "{A56DD782-3752-4F81-AE2B-5B0470D39D49}"
EndProject
Global
	GlobalSection(SolutionConfigurationPlatforms) = preSolution
		Debug|Any CPU = Debug|Any CPU
		Release|Any CPU = Release|Any CPU
	EndGlobalSection
	GlobalSection(ProjectConfigurationPlatforms) = postSolution
		{A56DD782-3752-4F81-AE2B-5B0470D39D49}.Debug|Any CPU.ActiveCfg = Debug|Any CPU
		{A56DD782-3752-4F81-AE2B-5B0470D39D49}.Debug|Any CPU.Build.0 = Debug|Any CPU
		{A56DD782-3752-4F81-AE2B-5B0470D39D49}.Release|Any CPU.ActiveCfg = Release|Any CPU
		{A56DD782-3752-4F81-AE2B-5B0470D39D49}.Release|Any CPU.Build.0 = Release|Any CPU
	EndGlobalSection
	GlobalSection(SolutionProperties) = preSolution
		HideSolutionNode = FALSE
	EndGlobalSection
	GlobalSection(ExtensibilityGlobals) = postSolution
		SolutionGuid = {DDFB9A4D-CF8D-4648-AFDA-3250AD477480}
	EndGlobalSection
EndGlobal
