
Microsoft Visual Studio Solution File, Format Version 12.00
# Visual Studio Version 17
VisualStudioVersion = 17.7.34024.191
MinimumVisualStudioVersion = 10.0.40219.1
Project("{FAE04EC0-301F-11D3-BF4B-00C04F79EFBC}") = "Einmaleins", "Einmaleins\Einmaleins.csproj", "{C5B9D331-F323-49AA-93FF-6E4BE26B4BD7}"
EndProject
Global
	GlobalSection(SolutionConfigurationPlatforms) = preSolution
		Debug|Any CPU = Debug|Any CPU
		Release|Any CPU = Release|Any CPU
	EndGlobalSection
	GlobalSection(ProjectConfigurationPlatforms) = postSolution
		{C5B9D331-F323-49AA-93FF-6E4BE26B4BD7}.Debug|Any CPU.ActiveCfg = Debug|Any CPU
		{C5B9D331-F323-49AA-93FF-6E4BE26B4BD7}.Debug|Any CPU.Build.0 = Debug|Any CPU
		{C5B9D331-F323-49AA-93FF-6E4BE26B4BD7}.Release|Any CPU.ActiveCfg = Release|Any CPU
		{C5B9D331-F323-49AA-93FF-6E4BE26B4BD7}.Release|Any CPU.Build.0 = Release|Any CPU
	EndGlobalSection
	GlobalSection(SolutionProperties) = preSolution
		HideSolutionNode = FALSE
	EndGlobalSection
	GlobalSection(ExtensibilityGlobals) = postSolution
		SolutionGuid = {2EE73D2A-1EB1-4CC8-98B2-FADAA6D9EEB6}
	EndGlobalSection
EndGlobal
