
Microsoft Visual Studio Solution File, Format Version 12.00
# Visual Studio Version 17
VisualStudioVersion = 17.5.002.0
MinimumVisualStudioVersion = 10.0.40219.1
Project("{9A19103F-16F7-4668-BE54-9A1E7A4F7556}") = "TempConvert", "TempConvert.csproj", "{1ABBB435-B40D-4AF3-9C20-F43E978BC784}"
EndProject
Global
	GlobalSection(SolutionConfigurationPlatforms) = preSolution
		Debug|Any CPU = Debug|Any CPU
		Release|Any CPU = Release|Any CPU
	EndGlobalSection
	GlobalSection(ProjectConfigurationPlatforms) = postSolution
		{1ABBB435-B40D-4AF3-9C20-F43E978BC784}.Debug|Any CPU.ActiveCfg = Debug|Any CPU
		{1ABBB435-B40D-4AF3-9C20-F43E978BC784}.Debug|Any CPU.Build.0 = Debug|Any CPU
		{1ABBB435-B40D-4AF3-9C20-F43E978BC784}.Release|Any CPU.ActiveCfg = Release|Any CPU
		{1ABBB435-B40D-4AF3-9C20-F43E978BC784}.Release|Any CPU.Build.0 = Release|Any CPU
	EndGlobalSection
	GlobalSection(SolutionProperties) = preSolution
		HideSolutionNode = FALSE
	EndGlobalSection
	GlobalSection(ExtensibilityGlobals) = postSolution
		SolutionGuid = {F965E811-12E7-4897-AC32-C04982A63EF4}
	EndGlobalSection
EndGlobal
