
Microsoft Visual Studio Solution File, Format Version 12.00
# Visual Studio Version 17
VisualStudioVersion = 17.5.002.0
MinimumVisualStudioVersion = 10.0.40219.1
Project("{9A19103F-16F7-4668-BE54-9A1E7A4F7556}") = "IntFactorization", "IntFactorization.csproj", "{019418C3-F288-4883-AA3D-C8F6A5823E97}"
EndProject
Global
	GlobalSection(SolutionConfigurationPlatforms) = preSolution
		Debug|Any CPU = Debug|Any CPU
		Release|Any CPU = Release|Any CPU
	EndGlobalSection
	GlobalSection(ProjectConfigurationPlatforms) = postSolution
		{019418C3-F288-4883-AA3D-C8F6A5823E97}.Debug|Any CPU.ActiveCfg = Debug|Any CPU
		{019418C3-F288-4883-AA3D-C8F6A5823E97}.Debug|Any CPU.Build.0 = Debug|Any CPU
		{019418C3-F288-4883-AA3D-C8F6A5823E97}.Release|Any CPU.ActiveCfg = Release|Any CPU
		{019418C3-F288-4883-AA3D-C8F6A5823E97}.Release|Any CPU.Build.0 = Release|Any CPU
	EndGlobalSection
	GlobalSection(SolutionProperties) = preSolution
		HideSolutionNode = FALSE
	EndGlobalSection
	GlobalSection(ExtensibilityGlobals) = postSolution
		SolutionGuid = {1D8029F1-20D5-4B20-A8AC-47228292CDA3}
	EndGlobalSection
EndGlobal
